
Microsoft Visual Studio Solution File, Format Version 12.00
# Visual Studio Version 16
VisualStudioVersion = 16.0.30717.126
MinimumVisualStudioVersion = 10.0.40219.1
Project("{FAE04EC0-301F-11D3-BF4B-00C04F79EFBC}") = "ASAPTestAPI", "ASAPTestAPI\ASAPTestAPI.csproj", "{C428BC38-C37B-4536-92D0-8709089854E1}"
EndProject
Project("{FAE04EC0-301F-11D3-BF4B-00C04F79EFBC}") = "Utils", "Utils\Utils.csproj", "{CF215F3E-007B-4435-8833-E392177C5784}"
EndProject
Project("{FAE04EC0-301F-11D3-BF4B-00C04F79EFBC}") = "Data", "Data\Data.csproj", "{92233568-F3C2-4F3F-B321-EB96ED595410}"
EndProject
Global
	GlobalSection(SolutionConfigurationPlatforms) = preSolution
		Debug|Any CPU = Debug|Any CPU
		Release|Any CPU = Release|Any CPU
	EndGlobalSection
	GlobalSection(ProjectConfigurationPlatforms) = postSolution
		{C428BC38-C37B-4536-92D0-8709089854E1}.Debug|Any CPU.ActiveCfg = Debug|Any CPU
		{C428BC38-C37B-4536-92D0-8709089854E1}.Debug|Any CPU.Build.0 = Debug|Any CPU
		{C428BC38-C37B-4536-92D0-8709089854E1}.Release|Any CPU.ActiveCfg = Release|Any CPU
		{C428BC38-C37B-4536-92D0-8709089854E1}.Release|Any CPU.Build.0 = Release|Any CPU
		{CF215F3E-007B-4435-8833-E392177C5784}.Debug|Any CPU.ActiveCfg = Debug|Any CPU
		{CF215F3E-007B-4435-8833-E392177C5784}.Debug|Any CPU.Build.0 = Debug|Any CPU
		{CF215F3E-007B-4435-8833-E392177C5784}.Release|Any CPU.ActiveCfg = Release|Any CPU
		{CF215F3E-007B-4435-8833-E392177C5784}.Release|Any CPU.Build.0 = Release|Any CPU
		{92233568-F3C2-4F3F-B321-EB96ED595410}.Debug|Any CPU.ActiveCfg = Debug|Any CPU
		{92233568-F3C2-4F3F-B321-EB96ED595410}.Debug|Any CPU.Build.0 = Debug|Any CPU
		{92233568-F3C2-4F3F-B321-EB96ED595410}.Release|Any CPU.ActiveCfg = Release|Any CPU
		{92233568-F3C2-4F3F-B321-EB96ED595410}.Release|Any CPU.Build.0 = Release|Any CPU
	EndGlobalSection
	GlobalSection(SolutionProperties) = preSolution
		HideSolutionNode = FALSE
	EndGlobalSection
	GlobalSection(ExtensibilityGlobals) = postSolution
		SolutionGuid = {68760C33-DEFF-4BCF-9FA7-9086826ED006}
	EndGlobalSection
EndGlobal
